
Microsoft Visual Studio Solution File, Format Version 12.00
Project("{FAE04EC0-301F-11D3-BF4B-00C04F79EFBC}") = "WebApplication", "WebApplication\WebApplication.csproj", "{CF557314-6D6D-4AEC-B17E-0FD640D830A6}"
EndProject
Project("{FAE04EC0-301F-11D3-BF4B-00C04F79EFBC}") = "WorkerService", "WorkerService\WorkerService.csproj", "{6B252B71-D362-46E6-87F3-B78B7E914BAE}"
EndProject
Global
	GlobalSection(SolutionConfigurationPlatforms) = preSolution
		Debug|Any CPU = Debug|Any CPU
		Release|Any CPU = Release|Any CPU
	EndGlobalSection
	GlobalSection(ProjectConfigurationPlatforms) = postSolution
		{CF557314-6D6D-4AEC-B17E-0FD640D830A6}.Debug|Any CPU.ActiveCfg = Debug|Any CPU
		{CF557314-6D6D-4AEC-B17E-0FD640D830A6}.Debug|Any CPU.Build.0 = Debug|Any CPU
		{CF557314-6D6D-4AEC-B17E-0FD640D830A6}.Release|Any CPU.ActiveCfg = Release|Any CPU
		{CF557314-6D6D-4AEC-B17E-0FD640D830A6}.Release|Any CPU.Build.0 = Release|Any CPU
		{6B252B71-D362-46E6-87F3-B78B7E914BAE}.Debug|Any CPU.ActiveCfg = Debug|Any CPU
		{6B252B71-D362-46E6-87F3-B78B7E914BAE}.Debug|Any CPU.Build.0 = Debug|Any CPU
		{6B252B71-D362-46E6-87F3-B78B7E914BAE}.Release|Any CPU.ActiveCfg = Release|Any CPU
		{6B252B71-D362-46E6-87F3-B78B7E914BAE}.Release|Any CPU.Build.0 = Release|Any CPU
	EndGlobalSection
EndGlobal
